
Microsoft Visual Studio Solution File, Format Version 12.00
# Visual Studio Version 17
VisualStudioVersion = 17.12.35707.178
MinimumVisualStudioVersion = 10.0.40219.1
Project("{FAE04EC0-301F-11D3-BF4B-00C04F79EFBC}") = "Nestly WebAPI", "Nestly\Nestly WebAPI.csproj", "{9C82E5D8-3601-4E35-A752-CD519ABB1915}"
EndProject
Project("{FAE04EC0-301F-11D3-BF4B-00C04F79EFBC}") = "Nestly.Services", "Nestly.Services\Nestly.Services.csproj", "{FEBE71A5-2007-45E6-9AAE-84DE84ADCDCA}"
EndProject
Project("{FAE04EC0-301F-11D3-BF4B-00C04F79EFBC}") = "Nestly.Model", "Nestly.Model\Nestly.Model.csproj", "{ABF92351-257C-4B25-853F-F9995764C0DD}"
EndProject
Global
	GlobalSection(SolutionConfigurationPlatforms) = preSolution
		Debug|Any CPU = Debug|Any CPU
		Release|Any CPU = Release|Any CPU
	EndGlobalSection
	GlobalSection(ProjectConfigurationPlatforms) = postSolution
		{9C82E5D8-3601-4E35-A752-CD519ABB1915}.Debug|Any CPU.ActiveCfg = Debug|Any CPU
		{9C82E5D8-3601-4E35-A752-CD519ABB1915}.Debug|Any CPU.Build.0 = Debug|Any CPU
		{9C82E5D8-3601-4E35-A752-CD519ABB1915}.Release|Any CPU.ActiveCfg = Release|Any CPU
		{9C82E5D8-3601-4E35-A752-CD519ABB1915}.Release|Any CPU.Build.0 = Release|Any CPU
		{FEBE71A5-2007-45E6-9AAE-84DE84ADCDCA}.Debug|Any CPU.ActiveCfg = Debug|Any CPU
		{FEBE71A5-2007-45E6-9AAE-84DE84ADCDCA}.Debug|Any CPU.Build.0 = Debug|Any CPU
		{FEBE71A5-2007-45E6-9AAE-84DE84ADCDCA}.Release|Any CPU.ActiveCfg = Release|Any CPU
		{FEBE71A5-2007-45E6-9AAE-84DE84ADCDCA}.Release|Any CPU.Build.0 = Release|Any CPU
		{ABF92351-257C-4B25-853F-F9995764C0DD}.Debug|Any CPU.ActiveCfg = Debug|Any CPU
		{ABF92351-257C-4B25-853F-F9995764C0DD}.Debug|Any CPU.Build.0 = Debug|Any CPU
		{ABF92351-257C-4B25-853F-F9995764C0DD}.Release|Any CPU.ActiveCfg = Release|Any CPU
		{ABF92351-257C-4B25-853F-F9995764C0DD}.Release|Any CPU.Build.0 = Release|Any CPU
	EndGlobalSection
	GlobalSection(SolutionProperties) = preSolution
		HideSolutionNode = FALSE
	EndGlobalSection
EndGlobal
